
Microsoft Visual Studio Solution File, Format Version 12.00
# Visual Studio Version 17
VisualStudioVersion = 17.0.31919.166
MinimumVisualStudioVersion = 10.0.40219.1
Project("{FAE04EC0-301F-11D3-BF4B-00C04F79EFBC}") = "ConsoleApp4", "ConsoleApp4\ConsoleApp4.csproj", "{70D29AF0-614E-42FA-B980-77210842A86F}"
EndProject
Global
	GlobalSection(SolutionConfigurationPlatforms) = preSolution
		Debug|Any CPU = Debug|Any CPU
		Release|Any CPU = Release|Any CPU
	EndGlobalSection
	GlobalSection(ProjectConfigurationPlatforms) = postSolution
		{70D29AF0-614E-42FA-B980-77210842A86F}.Debug|Any CPU.ActiveCfg = Debug|Any CPU
		{70D29AF0-614E-42FA-B980-77210842A86F}.Debug|Any CPU.Build.0 = Debug|Any CPU
		{70D29AF0-614E-42FA-B980-77210842A86F}.Release|Any CPU.ActiveCfg = Release|Any CPU
		{70D29AF0-614E-42FA-B980-77210842A86F}.Release|Any CPU.Build.0 = Release|Any CPU
	EndGlobalSection
	GlobalSection(SolutionProperties) = preSolution
		HideSolutionNode = FALSE
	EndGlobalSection
	GlobalSection(ExtensibilityGlobals) = postSolution
		SolutionGuid = {58CAC83B-4387-44EB-9680-9F7BEF91B795}
	EndGlobalSection
EndGlobal
